// !$*UTF8*$!
{
	archiveVersion = 1;
	classes = {
	};
	objectVersion = 46;
	objects = {

/* Begin PBXBuildFile section */
		453586561A67FDB70073EFE8 /* AppDelegate.swift in Sources */ = {isa = PBXBuildFile; fileRef = 453586551A67FDB70073EFE8 /* AppDelegate.swift */; };
		453586581A67FDB70073EFE8 /* ViewController.swift in Sources */ = {isa = PBXBuildFile; fileRef = 453586571A67FDB70073EFE8 /* ViewController.swift */; };
		4535865B1A67FDB70073EFE8 /* Main.storyboard in Resources */ = {isa = PBXBuildFile; fileRef = 453586591A67FDB70073EFE8 /* Main.storyboard */; };
		4535865D1A67FDB70073EFE8 /* Images.xcassets in Resources */ = {isa = PBXBuildFile; fileRef = 4535865C1A67FDB70073EFE8 /* Images.xcassets */; };
		453586601A67FDB70073EFE8 /* LaunchScreen.xib in Resources */ = {isa = PBXBuildFile; fileRef = 4535865E1A67FDB70073EFE8 /* LaunchScreen.xib */; };
		4535866C1A67FDB70073EFE8 /* TippingTests.swift in Sources */ = {isa = PBXBuildFile; fileRef = 4535866B1A67FDB70073EFE8 /* TippingTests.swift */; };
/* End PBXBuildFile section */

/* Begin PBXContainerItemProxy section */
		453586661A67FDB70073EFE8 /* PBXContainerItemProxy */ = {
			isa = PBXContainerItemProxy;
			containerPortal = 453586481A67FDB70073EFE8 /* Project object */;
			proxyType = 1;
			remoteGlobalIDString = 4535864F1A67FDB70073EFE8;
			remoteInfo = Tipping;
		};
/* End PBXContainerItemProxy section */

/* Begin PBXFileReference section */
		453586501A67FDB70073EFE8 /* Tipping.app */ = {isa = PBXFileReference; explicitFileType = wrapper.application; includeInIndex = 0; path = Tipping.app; sourceTree = BUILT_PRODUCTS_DIR; };
		453586541A67FDB70073EFE8 /* Info.plist */ = {isa = PBXFileReference; lastKnownFileType = text.plist.xml; path = Info.plist; sourceTree = "<group>"; };
		453586551A67FDB70073EFE8 /* AppDelegate.swift */ = {isa = PBXFileReference; lastKnownFileType = sourcecode.swift; path = AppDelegate.swift; sourceTree = "<group>"; };
		453586571A67FDB70073EFE8 /* ViewController.swift */ = {isa = PBXFileReference; lastKnownFileType = sourcecode.swift; path = ViewController.swift; sourceTree = "<group>"; };
		4535865A1A67FDB70073EFE8 /* Base */ = {isa = PBXFileReference; lastKnownFileType = file.storyboard; name = Base; path = Base.lproj/Main.storyboard; sourceTree = "<group>"; };
		4535865C1A67FDB70073EFE8 /* Images.xcassets */ = {isa = PBXFileReference; lastKnownFileType = folder.assetcatalog; path = Images.xcassets; sourceTree = "<group>"; };
		4535865F1A67FDB70073EFE8 /* Base */ = {isa = PBXFileReference; lastKnownFileType = file.xib; name = Base; path = Base.lproj/LaunchScreen.xib; sourceTree = "<group>"; };
		453586651A67FDB70073EFE8 /* TippingTests.xctest */ = {isa = PBXFileReference; explicitFileType = wrapper.cfbundle; includeInIndex = 0; path = TippingTests.xctest; sourceTree = BUILT_PRODUCTS_DIR; };
		4535866A1A67FDB70073EFE8 /* Info.plist */ = {isa = PBXFileReference; lastKnownFileType = text.plist.xml; path = Info.plist; sourceTree = "<group>"; };
		4535866B1A67FDB70073EFE8 /* TippingTests.swift */ = {isa = PBXFileReference; lastKnownFileType = sourcecode.swift; path = TippingTests.swift; sourceTree = "<group>"; };
/* End PBXFileReference section */

/* Begin PBXFrameworksBuildPhase section */
		4535864D1A67FDB70073EFE8 /* Frameworks */ = {
			isa = PBXFrameworksBuildPhase;
			buildActionMask = 2147483647;
			files = (
			);
			runOnlyForDeploymentPostprocessing = 0;
		};
		453586621A67FDB70073EFE8 /* Frameworks */ = {
			isa = PBXFrameworksBuildPhase;
			buildActionMask = 2147483647;
			files = (
			);
			runOnlyForDeploymentPostprocessing = 0;
		};
/* End PBXFrameworksBuildPhase section */

/* Begin PBXGroup section */
		453586471A67FDB70073EFE8 = {
			isa = PBXGroup;
			children = (
				453586521A67FDB70073EFE8 /* Tipping */,
				453586681A67FDB70073EFE8 /* TippingTests */,
				453586511A67FDB70073EFE8 /* Products */,
			);
			sourceTree = "<group>";
		};
		453586511A67FDB70073EFE8 /* Products */ = {
			isa = PBXGroup;
			children = (
				453586501A67FDB70073EFE8 /* Tipping.app */,
				453586651A67FDB70073EFE8 /* TippingTests.xctest */,
			);
			name = Products;
			sourceTree = "<group>";
		};
		453586521A67FDB70073EFE8 /* Tipping */ = {
			isa = PBXGroup;
			children = (
				453586551A67FDB70073EFE8 /* AppDelegate.swift */,
				453586571A67FDB70073EFE8 /* ViewController.swift */,
				453586591A67FDB70073EFE8 /* Main.storyboard */,
				4535865C1A67FDB70073EFE8 /* Images.xcassets */,
				4535865E1A67FDB70073EFE8 /* LaunchScreen.xib */,
				453586531A67FDB70073EFE8 /* Supporting Files */,
			);
			path = Tipping;
			sourceTree = "<group>";
		};
		453586531A67FDB70073EFE8 /* Supporting Files */ = {
			isa = PBXGroup;
			children = (
				453586541A67FDB70073EFE8 /* Info.plist */,
			);
			name = "Supporting Files";
			sourceTree = "<group>";
		};
		453586681A67FDB70073EFE8 /* TippingTests */ = {
			isa = PBXGroup;
			children = (
				4535866B1A67FDB70073EFE8 /* TippingTests.swift */,
				453586691A67FDB70073EFE8 /* Supporting Files */,
			);
			path = TippingTests;
			sourceTree = "<group>";
		};
		453586691A67FDB70073EFE8 /* Supporting Files */ = {
			isa = PBXGroup;
			children = (
				4535866A1A67FDB70073EFE8 /* Info.plist */,
			);
			name = "Supporting Files";
			sourceTree = "<group>";
		};
/* End PBXGroup section */

/* Begin PBXNativeTarget section */
		4535864F1A67FDB70073EFE8 /* Tipping */ = {
			isa = PBXNativeTarget;
			buildConfigurationList = 4535866F1A67FDB70073EFE8 /* Build configuration list for PBXNativeTarget "Tipping" */;
			buildPhases = (
				4535864C1A67FDB70073EFE8 /* Sources */,
				4535864D1A67FDB70073EFE8 /* Frameworks */,
				4535864E1A67FDB70073EFE8 /* Resources */,
			);
			buildRules = (
			);
			dependencies = (
			);
			name = Tipping;
			productName = Tipping;
			productReference = 453586501A67FDB70073EFE8 /* Tipping.app */;
			productType = "com.apple.product-type.application";
		};
		453586641A67FDB70073EFE8 /* TippingTests */ = {
			isa = PBXNativeTarget;
			buildConfigurationList = 453586721A67FDB70073EFE8 /* Build configuration list for PBXNativeTarget "TippingTests" */;
			buildPhases = (
				453586611A67FDB70073EFE8 /* Sources */,
				453586621A67FDB70073EFE8 /* Frameworks */,
				453586631A67FDB70073EFE8 /* Resources */,
			);
			buildRules = (
			);
			dependencies = (
				453586671A67FDB70073EFE8 /* PBXTargetDependency */,
			);
			name = TippingTests;
			productName = TippingTests;
			productReference = 453586651A67FDB70073EFE8 /* TippingTests.xctest */;
			productType = "com.apple.product-type.bundle.unit-test";
		};
/* End PBXNativeTarget section */

/* Begin PBXProject section */
		453586481A67FDB70073EFE8 /* Project object */ = {
			isa = PBXProject;
			attributes = {
				LastUpgradeCheck = 0610;
				ORGANIZATIONNAME = "Jehan Tremback";
				TargetAttributes = {
					4535864F1A67FDB70073EFE8 = {
						CreatedOnToolsVersion = 6.1.1;
					};
					453586641A67FDB70073EFE8 = {
						CreatedOnToolsVersion = 6.1.1;
						TestTargetID = 4535864F1A67FDB70073EFE8;
					};
				};
			};
			buildConfigurationList = 4535864B1A67FDB70073EFE8 /* Build configuration list for PBXProject "Tipping" */;
			compatibilityVersion = "Xcode 3.2";
			developmentRegion = English;
			hasScannedForEncodings = 0;
			knownRegions = (
				en,
				Base,
			);
			mainGroup = 453586471A67FDB70073EFE8;
			productRefGroup = 453586511A67FDB70073EFE8 /* Products */;
			projectDirPath = "";
			projectRoot = "";
			targets = (
				4535864F1A67FDB70073EFE8 /* Tipping */,
				453586641A67FDB70073EFE8 /* TippingTests */,
			);
		};
/* End PBXProject section */

/* Begin PBXResourcesBuildPhase section */
		4535864E1A67FDB70073EFE8 /* Resources */ = {
			isa = PBXResourcesBuildPhase;
			buildActionMask = 2147483647;
			files = (
				4535865B1A67FDB70073EFE8 /* Main.storyboard in Resources */,
				453586601A67FDB70073EFE8 /* LaunchScreen.xib in Resources */,
				4535865D1A67FDB70073EFE8 /* Images.xcassets in Resources */,
			);
			runOnlyForDeploymentPostprocessing = 0;
		};
		453586631A67FDB70073EFE8 /* Resources */ = {
			isa = PBXResourcesBuildPhase;
			buildActionMask = 2147483647;
			files = (
			);
			runOnlyForDeploymentPostprocessing = 0;
		};
/* End PBXResourcesBuildPhase section */

/* Begin PBXSourcesBuildPhase section */
		4535864C1A67FDB70073EFE8 /* Sources */ = {
			isa = PBXSourcesBuildPhase;
			buildActionMask = 2147483647;
			files = (
				453586581A67FDB70073EFE8 /* ViewController.swift in Sources */,
				453586561A67FDB70073EFE8 /* AppDelegate.swift in Sources */,
			);
			runOnlyForDeploymentPostprocessing = 0;
		};
		453586611A67FDB70073EFE8 /* Sources */ = {
			isa = PBXSourcesBuildPhase;
			buildActionMask = 2147483647;
			files = (
				4535866C1A67FDB70073EFE8 /* TippingTests.swift in Sources */,
			);
			runOnlyForDeploymentPostprocessing = 0;
		};
/* End PBXSourcesBuildPhase section */

/* Begin PBXTargetDependency section */
		453586671A67FDB70073EFE8 /* PBXTargetDependency */ = {
			isa = PBXTargetDependency;
			target = 4535864F1A67FDB70073EFE8 /* Tipping */;
			targetProxy = 453586661A67FDB70073EFE8 /* PBXContainerItemProxy */;
		};
/* End PBXTargetDependency section */

/* Begin PBXVariantGroup section */
		453586591A67FDB70073EFE8 /* Main.storyboard */ = {
			isa = PBXVariantGroup;
			children = (
				4535865A1A67FDB70073EFE8 /* Base */,
			);
			name = Main.storyboard;
			sourceTree = "<group>";
		};
		4535865E1A67FDB70073EFE8 /* LaunchScreen.xib */ = {
			isa = PBXVariantGroup;
			children = (
				4535865F1A67FDB70073EFE8 /* Base */,
			);
			name = LaunchScreen.xib;
			sourceTree = "<group>";
		};
/* End PBXVariantGroup section */

/* Begin XCBuildConfiguration section */
		4535866D1A67FDB70073EFE8 /* Debug */ = {
			isa = XCBuildConfiguration;
			buildSettings = {
				ALWAYS_SEARCH_USER_PATHS = NO;
				CLANG_CXX_LANGUAGE_STANDARD = "gnu++0x";
				CLANG_CXX_LIBRARY = "libc++";
				CLANG_ENABLE_MODULES = YES;
				CLANG_ENABLE_OBJC_ARC = YES;
				CLANG_WARN_BOOL_CONVERSION = YES;
				CLANG_WARN_CONSTANT_CONVERSION = YES;
				CLANG_WARN_DIRECT_OBJC_ISA_USAGE = YES_ERROR;
				CLANG_WARN_EMPTY_BODY = YES;
				CLANG_WARN_ENUM_CONVERSION = YES;
				CLANG_WARN_INT_CONVERSION = YES;
				CLANG_WARN_OBJC_ROOT_CLASS = YES_ERROR;
				CLANG_WARN_UNREACHABLE_CODE = YES;
				CLANG_WARN__DUPLICATE_METHOD_MATCH = YES;
				"CODE_SIGN_IDENTITY[sdk=iphoneos*]" = "iPhone Developer";
				COPY_PHASE_STRIP = NO;
				ENABLE_STRICT_OBJC_MSGSEND = YES;
				GCC_C_LANGUAGE_STANDARD = gnu99;
				GCC_DYNAMIC_NO_PIC = NO;
				GCC_OPTIMIZATION_LEVEL = 0;
				GCC_PREPROCESSOR_DEFINITIONS = (
					"DEBUG=1",
					"$(inherited)",
				);
				GCC_SYMBOLS_PRIVATE_EXTERN = NO;
				GCC_WARN_64_TO_32_BIT_CONVERSION = YES;
				GCC_WARN_ABOUT_RETURN_TYPE = YES_ERROR;
				GCC_WARN_UNDECLARED_SELECTOR = YES;
				GCC_WARN_UNINITIALIZED_AUTOS = YES_AGGRESSIVE;
				GCC_WARN_UNUSED_FUNCTION = YES;
				GCC_WARN_UNUSED_VARIABLE = YES;
				IPHONEOS_DEPLOYMENT_TARGET = 8.1;
				MTL_ENABLE_DEBUG_INFO = YES;
				ONLY_ACTIVE_ARCH = YES;
				SDKROOT = iphoneos;
				SWIFT_OPTIMIZATION_LEVEL = "-Onone";
			};
			name = Debug;
		};
		4535866E1A67FDB70073EFE8 /* Release */ = {
			isa = XCBuildConfiguration;
			buildSettings = {
				ALWAYS_SEARCH_USER_PATHS = NO;
				CLANG_CXX_LANGUAGE_STANDARD = "gnu++0x";
				CLANG_CXX_LIBRARY = "libc++";
				CLANG_ENABLE_MODULES = YES;
				CLANG_ENABLE_OBJC_ARC = YES;
				CLANG_WARN_BOOL_CONVERSION = YES;
				CLANG_WARN_CONSTANT_CONVERSION = YES;
				CLANG_WARN_DIRECT_OBJC_ISA_USAGE = YES_ERROR;
				CLANG_WARN_EMPTY_BODY = YES;
				CLANG_WARN_ENUM_CONVERSION = YES;
				CLANG_WARN_INT_CONVERSION = YES;
				CLANG_WARN_OBJC_ROOT_CLASS = YES_ERROR;
				CLANG_WARN_UNREACHABLE_CODE = YES;
				CLANG_WARN__DUPLICATE_METHOD_MATCH = YES;
				"CODE_SIGN_IDENTITY[sdk=iphoneos*]" = "iPhone Developer";
				COPY_PHASE_STRIP = YES;
				ENABLE_NS_ASSERTIONS = NO;
				ENABLE_STRICT_OBJC_MSGSEND = YES;
				GCC_C_LANGUAGE_STANDARD = gnu99;
				GCC_WARN_64_TO_32_BIT_CONVERSION = YES;
				GCC_WARN_ABOUT_RETURN_TYPE = YES_ERROR;
				GCC_WARN_UNDECLARED_SELECTOR = YES;
				GCC_WARN_UNINITIALIZED_AUTOS = YES_AGGRESSIVE;
				GCC_WARN_UNUSED_FUNCTION = YES;
				GCC_WARN_UNUSED_VARIABLE = YES;
				IPHONEOS_DEPLOYMENT_TARGET = 8.1;
				MTL_ENABLE_DEBUG_INFO = NO;
				SDKROOT = iphoneos;
				VALIDATE_PRODUCT = YES;
			};
			name = Release;
		};
		453586701A67FDB70073EFE8 /* Debug */ = {
			isa = XCBuildConfiguration;
			buildSettings = {
				ASSETCATALOG_COMPILER_APPICON_NAME = AppIcon;
				INFOPLIST_FILE = Tipping/Info.plist;
				LD_RUNPATH_SEARCH_PATHS = "$(inherited) @executable_path/Frameworks";
				PRODUCT_NAME = "$(TARGET_NAME)";
			};
			name = Debug;
		};
		453586711A67FDB70073EFE8 /* Release */ = {
			isa = XCBuildConfiguration;
			buildSettings = {
				ASSETCATALOG_COMPILER_APPICON_NAME = AppIcon;
				INFOPLIST_FILE = Tipping/Info.plist;
				LD_RUNPATH_SEARCH_PATHS = "$(inherited) @executable_path/Frameworks";
				PRODUCT_NAME = "$(TARGET_NAME)";
			};
			name = Release;
		};
		453586731A67FDB70073EFE8 /* Debug */ = {
			isa = XCBuildConfiguration;
			buildSettings = {
				BUNDLE_LOADER = "$(TEST_HOST)";
				FRAMEWORK_SEARCH_PATHS = (
					"$(SDKROOT)/Developer/Library/Frameworks",
					"$(inherited)",
				);
				GCC_PREPROCESSOR_DEFINITIONS = (
					"DEBUG=1",
					"$(inherited)",
				);
				INFOPLIST_FILE = TippingTests/Info.plist;
				LD_RUNPATH_SEARCH_PATHS = "$(inherited) @executable_path/Frameworks @loader_path/Frameworks";
				PRODUCT_NAME = "$(TARGET_NAME)";
				TEST_HOST = "$(BUILT_PRODUCTS_DIR)/Tipping.app/Tipping";
			};
			name = Debug;
		};
		453586741A67FDB70073EFE8 /* Release */ = {
			isa = XCBuildConfiguration;
			buildSettings = {
				BUNDLE_LOADER = "$(TEST_HOST)";
				FRAMEWORK_SEARCH_PATHS = (
					"$(SDKROOT)/Developer/Library/Frameworks",
					"$(inherited)",
				);
				INFOPLIST_FILE = TippingTests/Info.plist;
				LD_RUNPATH_SEARCH_PATHS = "$(inherited) @executable_path/Frameworks @loader_path/Frameworks";
				PRODUCT_NAME = "$(TARGET_NAME)";
				TEST_HOST = "$(BUILT_PRODUCTS_DIR)/Tipping.app/Tipping";
			};
			name = Release;
		};
/* End XCBuildConfiguration section */

/* Begin XCConfigurationList section */
		4535864B1A67FDB70073EFE8 /* Build configuration list for PBXProject "Tipping" */ = {
			isa = XCConfigurationList;
			buildConfigurations = (
				4535866D1A67FDB70073EFE8 /* Debug */,
				4535866E1A67FDB70073EFE8 /* Release */,
			);
			defaultConfigurationIsVisible = 0;
			defaultConfigurationName = Release;
		};
		4535866F1A67FDB70073EFE8 /* Build configuration list for PBXNativeTarget "Tipping" */ = {
			isa = XCConfigurationList;
			buildConfigurations = (
				453586701A67FDB70073EFE8 /* Debug */,
				453586711A67FDB70073EFE8 /* Release */,
			);
			defaultConfigurationIsVisible = 0;
		};
		453586721A67FDB70073EFE8 /* Build configuration list for PBXNativeTarget "TippingTests" */ = {
			isa = XCConfigurationList;
			buildConfigurations = (
				453586731A67FDB70073EFE8 /* Debug */,
				453586741A67FDB70073EFE8 /* Release */,
			);
			defaultConfigurationIsVisible = 0;
		};
/* End XCConfigurationList section */
	};
	rootObject = 453586481A67FDB70073EFE8 /* Project object */;
}
